
Microsoft Visual Studio Solution File, Format Version 12.00
# Visual Studio Version 17
VisualStudioVersion = 17.0.31903.59
MinimumVisualStudioVersion = 10.0.40219.1
Project("{2150E333-8FDC-42A3-9474-1A3956D46DE8}") = "src", "src", "{827E0CD3-B72D-47B6-A68D-7590B98EB39B}"
EndProject
Project("{FAE04EC0-301F-11D3-BF4B-00C04F79EFBC}") = "NikaFitness.Api", "src\NikaFitness.Api\NikaFitness.Api.csproj", "{54925EAC-FD01-43DA-8502-055F6A09E11F}"
EndProject
Project("{FAE04EC0-301F-11D3-BF4B-00C04F79EFBC}") = "NikaFitness.AppHost", "src\NikaFitness.AppHost\NikaFitness.AppHost.csproj", "{B67AB6C6-4554-43C2-ABCA-CB0017843AA8}"
EndProject
Project("{FAE04EC0-301F-11D3-BF4B-00C04F79EFBC}") = "NikaFitness.Application", "src\NikaFitness.Application\NikaFitness.Application.csproj", "{8DB4EAF1-DC23-46DE-9EC4-B0C1306D05F3}"
EndProject
Project("{FAE04EC0-301F-11D3-BF4B-00C04F79EFBC}") = "NikaFitness.Domain", "src\NikaFitness.Domain\NikaFitness.Domain.csproj", "{46041C59-9474-4067-ACC9-924D37AA735A}"
EndProject
Project("{FAE04EC0-301F-11D3-BF4B-00C04F79EFBC}") = "NikaFitness.Infrastructure", "src\NikaFitness.Infrastructure\NikaFitness.Infrastructure.csproj", "{EE2B165B-7F8B-432F-919D-523D4A4C41C9}"
EndProject
Project("{FAE04EC0-301F-11D3-BF4B-00C04F79EFBC}") = "NikaFitness.ServiceDefaults", "src\NikaFitness.ServiceDefaults\NikaFitness.ServiceDefaults.csproj", "{EDBD804A-7502-457A-8E06-4523BBC2229D}"
EndProject
Project("{2150E333-8FDC-42A3-9474-1A3956D46DE8}") = "tests", "tests", "{0AB3BF05-4346-4AA6-1389-037BE0695223}"
EndProject
Project("{FAE04EC0-301F-11D3-BF4B-00C04F79EFBC}") = "NikaFitness.Domain.Tests", "tests\NikaFitness.Domain.Tests\NikaFitness.Domain.Tests.csproj", "{73BD55FC-BBBB-4281-900A-B808D7F994A7}"
EndProject
Global
	GlobalSection(SolutionConfigurationPlatforms) = preSolution
		Debug|Any CPU = Debug|Any CPU
		Debug|x64 = Debug|x64
		Debug|x86 = Debug|x86
		Release|Any CPU = Release|Any CPU
		Release|x64 = Release|x64
		Release|x86 = Release|x86
	EndGlobalSection
	GlobalSection(ProjectConfigurationPlatforms) = postSolution
		{54925EAC-FD01-43DA-8502-055F6A09E11F}.Debug|Any CPU.ActiveCfg = Debug|Any CPU
		{54925EAC-FD01-43DA-8502-055F6A09E11F}.Debug|Any CPU.Build.0 = Debug|Any CPU
		{54925EAC-FD01-43DA-8502-055F6A09E11F}.Debug|x64.ActiveCfg = Debug|Any CPU
		{54925EAC-FD01-43DA-8502-055F6A09E11F}.Debug|x64.Build.0 = Debug|Any CPU
		{54925EAC-FD01-43DA-8502-055F6A09E11F}.Debug|x86.ActiveCfg = Debug|Any CPU
		{54925EAC-FD01-43DA-8502-055F6A09E11F}.Debug|x86.Build.0 = Debug|Any CPU
		{54925EAC-FD01-43DA-8502-055F6A09E11F}.Release|Any CPU.ActiveCfg = Release|Any CPU
		{54925EAC-FD01-43DA-8502-055F6A09E11F}.Release|Any CPU.Build.0 = Release|Any CPU
		{54925EAC-FD01-43DA-8502-055F6A09E11F}.Release|x64.ActiveCfg = Release|Any CPU
		{54925EAC-FD01-43DA-8502-055F6A09E11F}.Release|x64.Build.0 = Release|Any CPU
		{54925EAC-FD01-43DA-8502-055F6A09E11F}.Release|x86.ActiveCfg = Release|Any CPU
		{54925EAC-FD01-43DA-8502-055F6A09E11F}.Release|x86.Build.0 = Release|Any CPU
		{B67AB6C6-4554-43C2-ABCA-CB0017843AA8}.Debug|Any CPU.ActiveCfg = Debug|Any CPU
		{B67AB6C6-4554-43C2-ABCA-CB0017843AA8}.Debug|Any CPU.Build.0 = Debug|Any CPU
		{B67AB6C6-4554-43C2-ABCA-CB0017843AA8}.Debug|x64.ActiveCfg = Debug|Any CPU
		{B67AB6C6-4554-43C2-ABCA-CB0017843AA8}.Debug|x64.Build.0 = Debug|Any CPU
		{B67AB6C6-4554-43C2-ABCA-CB0017843AA8}.Debug|x86.ActiveCfg = Debug|Any CPU
		{B67AB6C6-4554-43C2-ABCA-CB0017843AA8}.Debug|x86.Build.0 = Debug|Any CPU
		{B67AB6C6-4554-43C2-ABCA-CB0017843AA8}.Release|Any CPU.ActiveCfg = Release|Any CPU
		{B67AB6C6-4554-43C2-ABCA-CB0017843AA8}.Release|Any CPU.Build.0 = Release|Any CPU
		{B67AB6C6-4554-43C2-ABCA-CB0017843AA8}.Release|x64.ActiveCfg = Release|Any CPU
		{B67AB6C6-4554-43C2-ABCA-CB0017843AA8}.Release|x64.Build.0 = Release|Any CPU
		{B67AB6C6-4554-43C2-ABCA-CB0017843AA8}.Release|x86.ActiveCfg = Release|Any CPU
		{B67AB6C6-4554-43C2-ABCA-CB0017843AA8}.Release|x86.Build.0 = Release|Any CPU
		{8DB4EAF1-DC23-46DE-9EC4-B0C1306D05F3}.Debug|Any CPU.ActiveCfg = Debug|Any CPU
		{8DB4EAF1-DC23-46DE-9EC4-B0C1306D05F3}.Debug|Any CPU.Build.0 = Debug|Any CPU
		{8DB4EAF1-DC23-46DE-9EC4-B0C1306D05F3}.Debug|x64.ActiveCfg = Debug|Any CPU
		{8DB4EAF1-DC23-46DE-9EC4-B0C1306D05F3}.Debug|x64.Build.0 = Debug|Any CPU
		{8DB4EAF1-DC23-46DE-9EC4-B0C1306D05F3}.Debug|x86.ActiveCfg = Debug|Any CPU
		{8DB4EAF1-DC23-46DE-9EC4-B0C1306D05F3}.Debug|x86.Build.0 = Debug|Any CPU
		{8DB4EAF1-DC23-46DE-9EC4-B0C1306D05F3}.Release|Any CPU.ActiveCfg = Release|Any CPU
		{8DB4EAF1-DC23-46DE-9EC4-B0C1306D05F3}.Release|Any CPU.Build.0 = Release|Any CPU
		{8DB4EAF1-DC23-46DE-9EC4-B0C1306D05F3}.Release|x64.ActiveCfg = Release|Any CPU
		{8DB4EAF1-DC23-46DE-9EC4-B0C1306D05F3}.Release|x64.Build.0 = Release|Any CPU
		{8DB4EAF1-DC23-46DE-9EC4-B0C1306D05F3}.Release|x86.ActiveCfg = Release|Any CPU
		{8DB4EAF1-DC23-46DE-9EC4-B0C1306D05F3}.Release|x86.Build.0 = Release|Any CPU
		{46041C59-9474-4067-ACC9-924D37AA735A}.Debug|Any CPU.ActiveCfg = Debug|Any CPU
		{46041C59-9474-4067-ACC9-924D37AA735A}.Debug|Any CPU.Build.0 = Debug|Any CPU
		{46041C59-9474-4067-ACC9-924D37AA735A}.Debug|x64.ActiveCfg = Debug|Any CPU
		{46041C59-9474-4067-ACC9-924D37AA735A}.Debug|x64.Build.0 = Debug|Any CPU
		{46041C59-9474-4067-ACC9-924D37AA735A}.Debug|x86.ActiveCfg = Debug|Any CPU
		{46041C59-9474-4067-ACC9-924D37AA735A}.Debug|x86.Build.0 = Debug|Any CPU
		{46041C59-9474-4067-ACC9-924D37AA735A}.Release|Any CPU.ActiveCfg = Release|Any CPU
		{46041C59-9474-4067-ACC9-924D37AA735A}.Release|Any CPU.Build.0 = Release|Any CPU
		{46041C59-9474-4067-ACC9-924D37AA735A}.Release|x64.ActiveCfg = Release|Any CPU
		{46041C59-9474-4067-ACC9-924D37AA735A}.Release|x64.Build.0 = Release|Any CPU
		{46041C59-9474-4067-ACC9-924D37AA735A}.Release|x86.ActiveCfg = Release|Any CPU
		{46041C59-9474-4067-ACC9-924D37AA735A}.Release|x86.Build.0 = Release|Any CPU
		{EE2B165B-7F8B-432F-919D-523D4A4C41C9}.Debug|Any CPU.ActiveCfg = Debug|Any CPU
		{EE2B165B-7F8B-432F-919D-523D4A4C41C9}.Debug|Any CPU.Build.0 = Debug|Any CPU
		{EE2B165B-7F8B-432F-919D-523D4A4C41C9}.Debug|x64.ActiveCfg = Debug|Any CPU
		{EE2B165B-7F8B-432F-919D-523D4A4C41C9}.Debug|x64.Build.0 = Debug|Any CPU
		{EE2B165B-7F8B-432F-919D-523D4A4C41C9}.Debug|x86.ActiveCfg = Debug|Any CPU
		{EE2B165B-7F8B-432F-919D-523D4A4C41C9}.Debug|x86.Build.0 = Debug|Any CPU
		{EE2B165B-7F8B-432F-919D-523D4A4C41C9}.Release|Any CPU.ActiveCfg = Release|Any CPU
		{EE2B165B-7F8B-432F-919D-523D4A4C41C9}.Release|Any CPU.Build.0 = Release|Any CPU
		{EE2B165B-7F8B-432F-919D-523D4A4C41C9}.Release|x64.ActiveCfg = Release|Any CPU
		{EE2B165B-7F8B-432F-919D-523D4A4C41C9}.Release|x64.Build.0 = Release|Any CPU
		{EE2B165B-7F8B-432F-919D-523D4A4C41C9}.Release|x86.ActiveCfg = Release|Any CPU
		{EE2B165B-7F8B-432F-919D-523D4A4C41C9}.Release|x86.Build.0 = Release|Any CPU
		{EDBD804A-7502-457A-8E06-4523BBC2229D}.Debug|Any CPU.ActiveCfg = Debug|Any CPU
		{EDBD804A-7502-457A-8E06-4523BBC2229D}.Debug|Any CPU.Build.0 = Debug|Any CPU
		{EDBD804A-7502-457A-8E06-4523BBC2229D}.Debug|x64.ActiveCfg = Debug|Any CPU
		{EDBD804A-7502-457A-8E06-4523BBC2229D}.Debug|x64.Build.0 = Debug|Any CPU
		{EDBD804A-7502-457A-8E06-4523BBC2229D}.Debug|x86.ActiveCfg = Debug|Any CPU
		{EDBD804A-7502-457A-8E06-4523BBC2229D}.Debug|x86.Build.0 = Debug|Any CPU
		{EDBD804A-7502-457A-8E06-4523BBC2229D}.Release|Any CPU.ActiveCfg = Release|Any CPU
		{EDBD804A-7502-457A-8E06-4523BBC2229D}.Release|Any CPU.Build.0 = Release|Any CPU
		{EDBD804A-7502-457A-8E06-4523BBC2229D}.Release|x64.ActiveCfg = Release|Any CPU
		{EDBD804A-7502-457A-8E06-4523BBC2229D}.Release|x64.Build.0 = Release|Any CPU
		{EDBD804A-7502-457A-8E06-4523BBC2229D}.Release|x86.ActiveCfg = Release|Any CPU
		{EDBD804A-7502-457A-8E06-4523BBC2229D}.Release|x86.Build.0 = Release|Any CPU
		{73BD55FC-BBBB-4281-900A-B808D7F994A7}.Debug|Any CPU.ActiveCfg = Debug|Any CPU
		{73BD55FC-BBBB-4281-900A-B808D7F994A7}.Debug|Any CPU.Build.0 = Debug|Any CPU
		{73BD55FC-BBBB-4281-900A-B808D7F994A7}.Debug|x64.ActiveCfg = Debug|Any CPU
		{73BD55FC-BBBB-4281-900A-B808D7F994A7}.Debug|x64.Build.0 = Debug|Any CPU
		{73BD55FC-BBBB-4281-900A-B808D7F994A7}.Debug|x86.ActiveCfg = Debug|Any CPU
		{73BD55FC-BBBB-4281-900A-B808D7F994A7}.Debug|x86.Build.0 = Debug|Any CPU
		{73BD55FC-BBBB-4281-900A-B808D7F994A7}.Release|Any CPU.ActiveCfg = Release|Any CPU
		{73BD55FC-BBBB-4281-900A-B808D7F994A7}.Release|Any CPU.Build.0 = Release|Any CPU
		{73BD55FC-BBBB-4281-900A-B808D7F994A7}.Release|x64.ActiveCfg = Release|Any CPU
		{73BD55FC-BBBB-4281-900A-B808D7F994A7}.Release|x64.Build.0 = Release|Any CPU
		{73BD55FC-BBBB-4281-900A-B808D7F994A7}.Release|x86.ActiveCfg = Release|Any CPU
		{73BD55FC-BBBB-4281-900A-B808D7F994A7}.Release|x86.Build.0 = Release|Any CPU
	EndGlobalSection
	GlobalSection(SolutionProperties) = preSolution
		HideSolutionNode = FALSE
	EndGlobalSection
	GlobalSection(NestedProjects) = preSolution
		{54925EAC-FD01-43DA-8502-055F6A09E11F} = {827E0CD3-B72D-47B6-A68D-7590B98EB39B}
		{B67AB6C6-4554-43C2-ABCA-CB0017843AA8} = {827E0CD3-B72D-47B6-A68D-7590B98EB39B}
		{8DB4EAF1-DC23-46DE-9EC4-B0C1306D05F3} = {827E0CD3-B72D-47B6-A68D-7590B98EB39B}
		{46041C59-9474-4067-ACC9-924D37AA735A} = {827E0CD3-B72D-47B6-A68D-7590B98EB39B}
		{EE2B165B-7F8B-432F-919D-523D4A4C41C9} = {827E0CD3-B72D-47B6-A68D-7590B98EB39B}
		{EDBD804A-7502-457A-8E06-4523BBC2229D} = {827E0CD3-B72D-47B6-A68D-7590B98EB39B}
		{73BD55FC-BBBB-4281-900A-B808D7F994A7} = {0AB3BF05-4346-4AA6-1389-037BE0695223}
	EndGlobalSection
EndGlobal
